
Microsoft Visual Studio Solution File, Format Version 12.00
# Visual Studio Version 17
VisualStudioVersion = 17.0.32112.339
MinimumVisualStudioVersion = 10.0.40219.1
Project("{8BC9CEB8-8B4A-11D0-8D11-00A0C91BC942}") = "DSP-Filter", "DSP-Filter.vcxproj", "{38F3CC30-22CB-4C99-8DF5-77D8B3577123}"
EndProject
Global
	GlobalSection(SolutionConfigurationPlatforms) = preSolution
		Debug|x64 = Debug|x64
		Debug|x86 = Debug|x86
		Release|x64 = Release|x64
		Release|x86 = Release|x86
	EndGlobalSection
	GlobalSection(ProjectConfigurationPlatforms) = postSolution
		{38F3CC30-22CB-4C99-8DF5-77D8B3577123}.Debug|x64.ActiveCfg = Debug|x64
		{38F3CC30-22CB-4C99-8DF5-77D8B3577123}.Debug|x64.Build.0 = Debug|x64
		{38F3CC30-22CB-4C99-8DF5-77D8B3577123}.Debug|x86.ActiveCfg = Debug|Win32
		{38F3CC30-22CB-4C99-8DF5-77D8B3577123}.Debug|x86.Build.0 = Debug|Win32
		{38F3CC30-22CB-4C99-8DF5-77D8B3577123}.Release|x64.ActiveCfg = Release|x64
		{38F3CC30-22CB-4C99-8DF5-77D8B3577123}.Release|x64.Build.0 = Release|x64
		{38F3CC30-22CB-4C99-8DF5-77D8B3577123}.Release|x86.ActiveCfg = Release|Win32
		{38F3CC30-22CB-4C99-8DF5-77D8B3577123}.Release|x86.Build.0 = Release|Win32
	EndGlobalSection
	GlobalSection(SolutionProperties) = preSolution
		HideSolutionNode = FALSE
	EndGlobalSection
	GlobalSection(ExtensibilityGlobals) = postSolution
		SolutionGuid = {035BF07B-8C9A-494B-B9C4-FB0E4098800D}
	EndGlobalSection
EndGlobal
